
Microsoft Visual Studio Solution File, Format Version 12.00
# Visual Studio Version 16
VisualStudioVersion = 16.0.30204.135
MinimumVisualStudioVersion = 10.0.40219.1
Project("{FAE04EC0-301F-11D3-BF4B-00C04F79EFBC}") = "SaleAppMVC", "SaleAppMVC\SaleAppMVC.csproj", "{BD261A00-D7D8-466A-8697-4E8E933BB542}"
EndProject
Global
	GlobalSection(SolutionConfigurationPlatforms) = preSolution
		Debug|Any CPU = Debug|Any CPU
		Release|Any CPU = Release|Any CPU
	EndGlobalSection
	GlobalSection(ProjectConfigurationPlatforms) = postSolution
		{BD261A00-D7D8-466A-8697-4E8E933BB542}.Debug|Any CPU.ActiveCfg = Debug|Any CPU
		{BD261A00-D7D8-466A-8697-4E8E933BB542}.Debug|Any CPU.Build.0 = Debug|Any CPU
		{BD261A00-D7D8-466A-8697-4E8E933BB542}.Release|Any CPU.ActiveCfg = Release|Any CPU
		{BD261A00-D7D8-466A-8697-4E8E933BB542}.Release|Any CPU.Build.0 = Release|Any CPU
	EndGlobalSection
	GlobalSection(SolutionProperties) = preSolution
		HideSolutionNode = FALSE
	EndGlobalSection
	GlobalSection(ExtensibilityGlobals) = postSolution
		SolutionGuid = {4AB618FC-87AB-4487-8F29-2432653264E7}
	EndGlobalSection
EndGlobal
